<?xml version="1.0" encoding="utf-8"?>
<Project xmlns="http://schemas.microsoft.com/developer/msbuild/2003">
  <ItemGroup>
    <Filter Include="Form Files">
      <UniqueIdentifier>{99349809-55BA-4b9d-BF79-8FDBB0286EB3}</UniqueIdentifier>
      <Extensions>ui</Extensions>
      <ParseFiles>false</ParseFiles>
    </Filter>
    <Filter Include="Form Files">
      <UniqueIdentifier>{99349809-55BA-4b9d-BF79-8FDBB0286EB3}</UniqueIdentifier>
      <Extensions>ui</Extensions>
      <ParseFiles>false</ParseFiles>
    </Filter>
    <Filter Include="Generated Files">
      <UniqueIdentifier>{71ED8ED8-ACB9-4CE9-BBE1-E00B30144E11}</UniqueIdentifier>
      <Extensions>cpp;c;cxx;moc;h;def;odl;idl;res;</Extensions>
    </Filter>
    <Filter Include="Generated Files">
      <UniqueIdentifier>{71ED8ED8-ACB9-4CE9-BBE1-E00B30144E11}</UniqueIdentifier>
      <Extensions>cpp;c;cxx;moc;h;def;odl;idl;res;</Extensions>
    </Filter>
    <Filter Include="Header Files">
      <UniqueIdentifier>{93995380-89BD-4b04-88EB-625FBE52EBFB}</UniqueIdentifier>
      <Extensions>h;hpp;hxx;hm;inl;inc;xsd</Extensions>
    </Filter>
    <Filter Include="Header Files">
      <UniqueIdentifier>{93995380-89BD-4b04-88EB-625FBE52EBFB}</UniqueIdentifier>
      <Extensions>h;hpp;hxx;hm;inl;inc;xsd</Extensions>
    </Filter>
    <Filter Include="Source Files">
      <UniqueIdentifier>{4FC737F1-C7A5-4376-A066-2A32D752A2FF}</UniqueIdentifier>
      <Extensions>cpp;c;cxx;def;odl;idl;hpj;bat;asm;asmx</Extensions>
    </Filter>
    <Filter Include="Source Files">
      <UniqueIdentifier>{4FC737F1-C7A5-4376-A066-2A32D752A2FF}</UniqueIdentifier>
      <Extensions>cpp;c;cxx;def;odl;idl;hpj;bat;asm;asmx</Extensions>
    </Filter>
  </ItemGroup>
  <ItemGroup>
    <ClCompile Include="valvemodel\device.cpp">
      <Filter>Source Files</Filter>
    </ClCompile>
    <ClCompile Include="main.cpp">
      <Filter>Source Files</Filter>
    </ClCompile>
    <ClCompile Include="valvemodel\parameter.cpp">
      <Filter>Source Files</Filter>
    </ClCompile>
    <ClCompile Include="valvemodel\plot.cpp">
      <Filter>Source Files</Filter>
    </ClCompile>
    <ClCompile Include="valvemodel\uibridge.cpp">
      <Filter>Source Files</Filter>
    </ClCompile>
    <ClCompile Include="valvedesigncalculator.cpp">
      <Filter>Source Files</Filter>
    </ClCompile>
    <ClCompile Include="valvemodel\improvedkorentriode.cpp">
      <Filter>Source Files</Filter>
    </ClCompile>
    <ClCompile Include="valvemodel\korentriode.cpp">
      <Filter>Source Files</Filter>
    </ClCompile>
    <ClCompile Include="valvemodel\model.cpp">
      <Filter>Source Files</Filter>
    </ClCompile>
    <ClCompile Include="valvemodel\simpletriode.cpp">
      <Filter>Source Files</Filter>
    </ClCompile>
    <ClCompile Include="valvemodel\circuit.cpp">
      <Filter>Source Files</Filter>
    </ClCompile>
    <ClCompile Include="valvemodel\triodecommoncathode.cpp">
      <Filter>Source Files</Filter>
    </ClCompile>
  </ItemGroup>
  <ItemGroup>
    <ClInclude Include="valvemodel\device.h">
      <Filter>Header Files</Filter>
    </ClInclude>
    <ClInclude Include="valvemodel\parameter.h">
      <Filter>Header Files</Filter>
    </ClInclude>
    <ClInclude Include="valvemodel\plot.h">
      <Filter>Header Files</Filter>
    </ClInclude>
    <ClInclude Include="valvemodel\uibridge.h">
      <Filter>Header Files</Filter>
    </ClInclude>
    <QtMoc Include="valvedesigncalculator.h">
      <Filter>Header Files</Filter>
    </QtMoc>
    <ClInclude Include="valvemodel\model.h">
      <Filter>Header Files</Filter>
    </ClInclude>
    <ClInclude Include="valvemodel\korentriode.h">
      <Filter>Header Files</Filter>
    </ClInclude>
    <ClInclude Include="valvemodel\improvedkorentriode.h">
      <Filter>Header Files</Filter>
    </ClInclude>
    <ClInclude Include="valvemodel\simpletriode.h">
      <Filter>Header Files</Filter>
    </ClInclude>
    <ClInclude Include="valvemodel\circuit.h">
      <Filter>Header Files</Filter>
    </ClInclude>
    <ClInclude Include="valvemodel\triodecommoncathode.h">
      <Filter>Header Files</Filter>
    </ClInclude>
  </ItemGroup>
  <ItemGroup>
    <CustomBuild Include="debug\moc_predefs.h.cbt">
      <Filter>Generated Files</Filter>
    </CustomBuild>
    <CustomBuild Include="release\moc_predefs.h.cbt">
      <Filter>Generated Files</Filter>
    </CustomBuild>
  </ItemGroup>
  <ItemGroup>
    <QtUic Include="valvedesigncalculator.ui">
      <Filter>Form Files</Filter>
    </QtUic>
  </ItemGroup>
</Project>